
Microsoft Visual Studio Solution File, Format Version 11.00
# Visual Studio 2010
Project("{FAE04EC0-301F-11D3-BF4B-00C04F79EFBC}") = "SidekickCharacters.Editor", "SidekickCharacters.Editor.csproj", "{87c74ed9-a9d7-238f-1661-52ce9fd3b13b}"
EndProject
Project("{FAE04EC0-301F-11D3-BF4B-00C04F79EFBC}") = "SidekickCharacters", "SidekickCharacters.csproj", "{25870211-19eb-f4ce-fa4a-e8286f64395b}"
EndProject
Project("{FAE04EC0-301F-11D3-BF4B-00C04F79EFBC}") = "Assembly-CSharp-Editor", "Assembly-CSharp-Editor.csproj", "{6557d3da-39bb-7ae0-6c99-9525665aebcc}"
EndProject
Project("{FAE04EC0-301F-11D3-BF4B-00C04F79EFBC}") = "Gilzoide.SqliteNet", "Gilzoide.SqliteNet.csproj", "{97740d71-242c-735b-1d08-1d84bae8e36e}"
EndProject
Project("{FAE04EC0-301F-11D3-BF4B-00C04F79EFBC}") = "Assembly-CSharp", "Assembly-CSharp.csproj", "{fb6c29fa-2b41-16af-ea9b-172ee4fa8146}"
EndProject
Project("{FAE04EC0-301F-11D3-BF4B-00C04F79EFBC}") = "Gilzoide.SqliteNet.Tests.Editor", "Gilzoide.SqliteNet.Tests.Editor.csproj", "{29ea47f3-3792-eb72-5e4c-afd322b41512}"
EndProject
Global
	GlobalSection(SolutionConfigurationPlatforms) = preSolution
		Debug|Any CPU = Debug|Any CPU
	EndGlobalSection
	GlobalSection(ProjectConfigurationPlatforms) = postSolution
		{87c74ed9-a9d7-238f-1661-52ce9fd3b13b}.Debug|Any CPU.ActiveCfg = Debug|Any CPU
		{87c74ed9-a9d7-238f-1661-52ce9fd3b13b}.Debug|Any CPU.Build.0 = Debug|Any CPU
		{25870211-19eb-f4ce-fa4a-e8286f64395b}.Debug|Any CPU.ActiveCfg = Debug|Any CPU
		{25870211-19eb-f4ce-fa4a-e8286f64395b}.Debug|Any CPU.Build.0 = Debug|Any CPU
		{6557d3da-39bb-7ae0-6c99-9525665aebcc}.Debug|Any CPU.ActiveCfg = Debug|Any CPU
		{6557d3da-39bb-7ae0-6c99-9525665aebcc}.Debug|Any CPU.Build.0 = Debug|Any CPU
		{97740d71-242c-735b-1d08-1d84bae8e36e}.Debug|Any CPU.ActiveCfg = Debug|Any CPU
		{97740d71-242c-735b-1d08-1d84bae8e36e}.Debug|Any CPU.Build.0 = Debug|Any CPU
		{fb6c29fa-2b41-16af-ea9b-172ee4fa8146}.Debug|Any CPU.ActiveCfg = Debug|Any CPU
		{fb6c29fa-2b41-16af-ea9b-172ee4fa8146}.Debug|Any CPU.Build.0 = Debug|Any CPU
		{29ea47f3-3792-eb72-5e4c-afd322b41512}.Debug|Any CPU.ActiveCfg = Debug|Any CPU
		{29ea47f3-3792-eb72-5e4c-afd322b41512}.Debug|Any CPU.Build.0 = Debug|Any CPU
	EndGlobalSection
	GlobalSection(SolutionProperties) = preSolution
		HideSolutionNode = FALSE
	EndGlobalSection
EndGlobal
